{
  "name": "js-pro-course",
  "version": "1.0.0",
  "lockfileVersion": 1,
  "requires": true,
  "dependencies": {
    "smart-search-npm-package": {
      "version": "1.0.0-beta",
      "resolved": "https://registry.npmjs.org/smart-search-npm-package/-/smart-search-npm-package-1.0.0-beta.tgz",
      "integrity": "sha512-9pwPklg0+4sD9g9/PZcit5j/hFY4A4jIZ5vuw622MPR10hUh13/ghWInp/bchh5e+/h+ZX7tOi34wizO7yKuKQ=="
    }
  }
}
