{
  "name": "my-app",
  "version": "1.0.0",
  "lockfileVersion": 1,
  "requires": true,
  "dependencies": {
    "tms-lesson32": {
      "version": "1.1.0",
      "resolved": "https://registry.npmjs.org/tms-lesson32/-/tms-lesson32-1.1.0.tgz",
      "integrity": "sha512-CPPriqNknNGEocTOYC1e4yeu5/V4DTK7FP8Kwh7S+2agSqRzS32M72v8sBNNeZJkgD5HXlFv4kTjkIizpKC8pQ=="
    }
  }
}
