{
  "name": "my-app",
  "version": "1.0.0",
  "lockfileVersion": 1,
  "requires": true,
  "dependencies": {
    "tereshenko-lesson-32": {
      "version": "2.0.0-beta.0",
      "resolved": "https://registry.npmjs.org/tereshenko-lesson-32/-/tereshenko-lesson-32-2.0.0-beta.0.tgz",
      "integrity": "sha512-QqDc1P9vJtOsPeH3qzDxFGbMqMrdzvVqxBjgFk5bnimOWsS5xWp7OfemgeiMWsY08MVQdsg2QcVvXDyG+7mhww=="
    }
  }
}
